
Microsoft Visual Studio Solution File, Format Version 12.00
# Visual Studio Version 17
VisualStudioVersion = 17.8.34511.84
MinimumVisualStudioVersion = 10.0.40219.1
Project("{FAE04EC0-301F-11D3-BF4B-00C04F79EFBC}") = "You're a square- SOLVED", "1. You're a square!\You're a square- SOLVED.csproj", "{DC13A0C0-3687-423D-BA96-BE8E0B9FDA8B}"
EndProject
Project("{FAE04EC0-301F-11D3-BF4B-00C04F79EFBC}") = "Friend or Foe- SOLVED", "2. Friend or Foe\Friend or Foe- SOLVED.csproj", "{3A7C465D-E33F-49D9-AF08-66912683EE50}"
EndProject
Project("{FAE04EC0-301F-11D3-BF4B-00C04F79EFBC}") = "Next perfect square- SOLVED", "3. Find the next perfect square\Next perfect square- SOLVED.csproj", "{1F0DA6BD-85B7-42C3-BB03-1AA70709BAAD}"
EndProject
Project("{FAE04EC0-301F-11D3-BF4B-00C04F79EFBC}") = "Stop gninnipS My sdroW- SOLVED", "4. Stop gninnipS My sdroW\Stop gninnipS My sdroW- SOLVED.csproj", "{5B0BDED6-7A96-499F-8DA3-C277E4C839C6}"
EndProject
Project("{FAE04EC0-301F-11D3-BF4B-00C04F79EFBC}") = "List Filtering- SOLVED", "5. List Filtering\List Filtering- SOLVED.csproj", "{5FCEB297-9880-42D3-8963-A55A2C9DE07B}"
EndProject
Project("{FAE04EC0-301F-11D3-BF4B-00C04F79EFBC}") = "Counting Duplicates- SOLVED", "6. Counting Duplicates\Counting Duplicates- SOLVED.csproj", "{F49EDF18-B50C-4564-BA52-62A01663B471}"
EndProject
Project("{FAE04EC0-301F-11D3-BF4B-00C04F79EFBC}") = "Convert string to camel case- SOLVED", "7. Convert string to camel case\Convert string to camel case- SOLVED.csproj", "{17E6F5D0-44F4-4B6F-B709-A961E49D8C93}"
EndProject
Project("{FAE04EC0-301F-11D3-BF4B-00C04F79EFBC}") = "Create Phone Number- SOLVED", "8. Create Phone Number\Create Phone Number- SOLVED.csproj", "{14688434-BDF3-40E7-9BE6-5A07252F8771}"
EndProject
Project("{FAE04EC0-301F-11D3-BF4B-00C04F79EFBC}") = "Take a Ten Minutes Walk- SOLVED", "9. Take a Ten Minutes Walk\Take a Ten Minutes Walk- SOLVED.csproj", "{B77DF602-9183-45C6-B47E-178BDDF64771}"
EndProject
Project("{FAE04EC0-301F-11D3-BF4B-00C04F79EFBC}") = "Unique In Order- SOLVED", "10. Unique In Order\Unique In Order- SOLVED.csproj", "{911BD83D-DBE6-4331-8886-71FA2625F3C2}"
EndProject
Project("{FAE04EC0-301F-11D3-BF4B-00C04F79EFBC}") = "Unique In Order- String", "11. Unique In Order- String\Unique In Order- String.csproj", "{3D988FBB-D78A-4EF0-BBD8-20F86AACB357}"
EndProject
Project("{FAE04EC0-301F-11D3-BF4B-00C04F79EFBC}") = "Bit Counting- SOLVED", "12. Bit Counting\Bit Counting- SOLVED.csproj", "{DBB13F71-14B3-4AE7-87C7-C65E26D86DA9}"
EndProject
Project("{FAE04EC0-301F-11D3-BF4B-00C04F79EFBC}") = "Binary Addition- SOLVED", "13. Binary Addition\Binary Addition- SOLVED.csproj", "{70267356-ECC8-4A04-85DE-D592701357A8}"
EndProject
Project("{FAE04EC0-301F-11D3-BF4B-00C04F79EFBC}") = "Interlocking Binary Pairs- SOLVED", "14. Interlocking Binary Pairs\Interlocking Binary Pairs- SOLVED.csproj", "{CC00BE0A-7A49-486C-8B8C-918E147C649A}"
EndProject
Project("{FAE04EC0-301F-11D3-BF4B-00C04F79EFBC}") = "Last Survivor- SOLVED", "15. Last Survivor\Last Survivor- SOLVED.csproj", "{7C691F6F-67AE-4C45-8064-CEFDFE3CC62F}"
EndProject
Project("{FAE04EC0-301F-11D3-BF4B-00C04F79EFBC}") = "Simple Pig Latin- SOLVED", "16. Simple Pig Latin\Simple Pig Latin- SOLVED.csproj", "{49F358BF-0189-4683-B72F-6E86496D60A8}"
EndProject
Project("{FAE04EC0-301F-11D3-BF4B-00C04F79EFBC}") = "PaginationHelper- SOLVED", "17. PaginationHelper\PaginationHelper- SOLVED.csproj", "{2F2659A0-8A14-41DA-BAB1-0FBA0F8966CE}"
EndProject
Project("{FAE04EC0-301F-11D3-BF4B-00C04F79EFBC}") = "Balanced Brackets- SOLVED", "18. Balanced Brackets\Balanced Brackets- SOLVED.csproj", "{4F5F2326-0BA7-48FE-93F4-0047045D309C}"
EndProject
Global
	GlobalSection(SolutionConfigurationPlatforms) = preSolution
		Debug|Any CPU = Debug|Any CPU
		Debug|x64 = Debug|x64
		Release|Any CPU = Release|Any CPU
		Release|x64 = Release|x64
	EndGlobalSection
	GlobalSection(ProjectConfigurationPlatforms) = postSolution
		{DC13A0C0-3687-423D-BA96-BE8E0B9FDA8B}.Debug|Any CPU.ActiveCfg = Debug|Any CPU
		{DC13A0C0-3687-423D-BA96-BE8E0B9FDA8B}.Debug|Any CPU.Build.0 = Debug|Any CPU
		{DC13A0C0-3687-423D-BA96-BE8E0B9FDA8B}.Debug|x64.ActiveCfg = Debug|x64
		{DC13A0C0-3687-423D-BA96-BE8E0B9FDA8B}.Debug|x64.Build.0 = Debug|x64
		{DC13A0C0-3687-423D-BA96-BE8E0B9FDA8B}.Release|Any CPU.ActiveCfg = Release|Any CPU
		{DC13A0C0-3687-423D-BA96-BE8E0B9FDA8B}.Release|Any CPU.Build.0 = Release|Any CPU
		{DC13A0C0-3687-423D-BA96-BE8E0B9FDA8B}.Release|x64.ActiveCfg = Release|x64
		{DC13A0C0-3687-423D-BA96-BE8E0B9FDA8B}.Release|x64.Build.0 = Release|x64
		{3A7C465D-E33F-49D9-AF08-66912683EE50}.Debug|Any CPU.ActiveCfg = Debug|Any CPU
		{3A7C465D-E33F-49D9-AF08-66912683EE50}.Debug|Any CPU.Build.0 = Debug|Any CPU
		{3A7C465D-E33F-49D9-AF08-66912683EE50}.Debug|x64.ActiveCfg = Debug|x64
		{3A7C465D-E33F-49D9-AF08-66912683EE50}.Debug|x64.Build.0 = Debug|x64
		{3A7C465D-E33F-49D9-AF08-66912683EE50}.Release|Any CPU.ActiveCfg = Release|Any CPU
		{3A7C465D-E33F-49D9-AF08-66912683EE50}.Release|Any CPU.Build.0 = Release|Any CPU
		{3A7C465D-E33F-49D9-AF08-66912683EE50}.Release|x64.ActiveCfg = Release|x64
		{3A7C465D-E33F-49D9-AF08-66912683EE50}.Release|x64.Build.0 = Release|x64
		{1F0DA6BD-85B7-42C3-BB03-1AA70709BAAD}.Debug|Any CPU.ActiveCfg = Debug|Any CPU
		{1F0DA6BD-85B7-42C3-BB03-1AA70709BAAD}.Debug|Any CPU.Build.0 = Debug|Any CPU
		{1F0DA6BD-85B7-42C3-BB03-1AA70709BAAD}.Debug|x64.ActiveCfg = Debug|x64
		{1F0DA6BD-85B7-42C3-BB03-1AA70709BAAD}.Debug|x64.Build.0 = Debug|x64
		{1F0DA6BD-85B7-42C3-BB03-1AA70709BAAD}.Release|Any CPU.ActiveCfg = Release|Any CPU
		{1F0DA6BD-85B7-42C3-BB03-1AA70709BAAD}.Release|Any CPU.Build.0 = Release|Any CPU
		{1F0DA6BD-85B7-42C3-BB03-1AA70709BAAD}.Release|x64.ActiveCfg = Release|x64
		{1F0DA6BD-85B7-42C3-BB03-1AA70709BAAD}.Release|x64.Build.0 = Release|x64
		{5B0BDED6-7A96-499F-8DA3-C277E4C839C6}.Debug|Any CPU.ActiveCfg = Debug|Any CPU
		{5B0BDED6-7A96-499F-8DA3-C277E4C839C6}.Debug|Any CPU.Build.0 = Debug|Any CPU
		{5B0BDED6-7A96-499F-8DA3-C277E4C839C6}.Debug|x64.ActiveCfg = Debug|x64
		{5B0BDED6-7A96-499F-8DA3-C277E4C839C6}.Debug|x64.Build.0 = Debug|x64
		{5B0BDED6-7A96-499F-8DA3-C277E4C839C6}.Release|Any CPU.ActiveCfg = Release|Any CPU
		{5B0BDED6-7A96-499F-8DA3-C277E4C839C6}.Release|Any CPU.Build.0 = Release|Any CPU
		{5B0BDED6-7A96-499F-8DA3-C277E4C839C6}.Release|x64.ActiveCfg = Release|x64
		{5B0BDED6-7A96-499F-8DA3-C277E4C839C6}.Release|x64.Build.0 = Release|x64
		{5FCEB297-9880-42D3-8963-A55A2C9DE07B}.Debug|Any CPU.ActiveCfg = Debug|Any CPU
		{5FCEB297-9880-42D3-8963-A55A2C9DE07B}.Debug|Any CPU.Build.0 = Debug|Any CPU
		{5FCEB297-9880-42D3-8963-A55A2C9DE07B}.Debug|x64.ActiveCfg = Debug|x64
		{5FCEB297-9880-42D3-8963-A55A2C9DE07B}.Debug|x64.Build.0 = Debug|x64
		{5FCEB297-9880-42D3-8963-A55A2C9DE07B}.Release|Any CPU.ActiveCfg = Release|Any CPU
		{5FCEB297-9880-42D3-8963-A55A2C9DE07B}.Release|Any CPU.Build.0 = Release|Any CPU
		{5FCEB297-9880-42D3-8963-A55A2C9DE07B}.Release|x64.ActiveCfg = Release|x64
		{5FCEB297-9880-42D3-8963-A55A2C9DE07B}.Release|x64.Build.0 = Release|x64
		{F49EDF18-B50C-4564-BA52-62A01663B471}.Debug|Any CPU.ActiveCfg = Debug|Any CPU
		{F49EDF18-B50C-4564-BA52-62A01663B471}.Debug|Any CPU.Build.0 = Debug|Any CPU
		{F49EDF18-B50C-4564-BA52-62A01663B471}.Debug|x64.ActiveCfg = Debug|x64
		{F49EDF18-B50C-4564-BA52-62A01663B471}.Debug|x64.Build.0 = Debug|x64
		{F49EDF18-B50C-4564-BA52-62A01663B471}.Release|Any CPU.ActiveCfg = Release|Any CPU
		{F49EDF18-B50C-4564-BA52-62A01663B471}.Release|Any CPU.Build.0 = Release|Any CPU
		{F49EDF18-B50C-4564-BA52-62A01663B471}.Release|x64.ActiveCfg = Release|x64
		{F49EDF18-B50C-4564-BA52-62A01663B471}.Release|x64.Build.0 = Release|x64
		{17E6F5D0-44F4-4B6F-B709-A961E49D8C93}.Debug|Any CPU.ActiveCfg = Debug|Any CPU
		{17E6F5D0-44F4-4B6F-B709-A961E49D8C93}.Debug|Any CPU.Build.0 = Debug|Any CPU
		{17E6F5D0-44F4-4B6F-B709-A961E49D8C93}.Debug|x64.ActiveCfg = Debug|x64
		{17E6F5D0-44F4-4B6F-B709-A961E49D8C93}.Debug|x64.Build.0 = Debug|x64
		{17E6F5D0-44F4-4B6F-B709-A961E49D8C93}.Release|Any CPU.ActiveCfg = Release|Any CPU
		{17E6F5D0-44F4-4B6F-B709-A961E49D8C93}.Release|Any CPU.Build.0 = Release|Any CPU
		{17E6F5D0-44F4-4B6F-B709-A961E49D8C93}.Release|x64.ActiveCfg = Release|x64
		{17E6F5D0-44F4-4B6F-B709-A961E49D8C93}.Release|x64.Build.0 = Release|x64
		{14688434-BDF3-40E7-9BE6-5A07252F8771}.Debug|Any CPU.ActiveCfg = Debug|Any CPU
		{14688434-BDF3-40E7-9BE6-5A07252F8771}.Debug|Any CPU.Build.0 = Debug|Any CPU
		{14688434-BDF3-40E7-9BE6-5A07252F8771}.Debug|x64.ActiveCfg = Debug|x64
		{14688434-BDF3-40E7-9BE6-5A07252F8771}.Debug|x64.Build.0 = Debug|x64
		{14688434-BDF3-40E7-9BE6-5A07252F8771}.Release|Any CPU.ActiveCfg = Release|Any CPU
		{14688434-BDF3-40E7-9BE6-5A07252F8771}.Release|Any CPU.Build.0 = Release|Any CPU
		{14688434-BDF3-40E7-9BE6-5A07252F8771}.Release|x64.ActiveCfg = Release|x64
		{14688434-BDF3-40E7-9BE6-5A07252F8771}.Release|x64.Build.0 = Release|x64
		{B77DF602-9183-45C6-B47E-178BDDF64771}.Debug|Any CPU.ActiveCfg = Debug|Any CPU
		{B77DF602-9183-45C6-B47E-178BDDF64771}.Debug|Any CPU.Build.0 = Debug|Any CPU
		{B77DF602-9183-45C6-B47E-178BDDF64771}.Debug|x64.ActiveCfg = Debug|x64
		{B77DF602-9183-45C6-B47E-178BDDF64771}.Debug|x64.Build.0 = Debug|x64
		{B77DF602-9183-45C6-B47E-178BDDF64771}.Release|Any CPU.ActiveCfg = Release|Any CPU
		{B77DF602-9183-45C6-B47E-178BDDF64771}.Release|Any CPU.Build.0 = Release|Any CPU
		{B77DF602-9183-45C6-B47E-178BDDF64771}.Release|x64.ActiveCfg = Release|x64
		{B77DF602-9183-45C6-B47E-178BDDF64771}.Release|x64.Build.0 = Release|x64
		{911BD83D-DBE6-4331-8886-71FA2625F3C2}.Debug|Any CPU.ActiveCfg = Debug|Any CPU
		{911BD83D-DBE6-4331-8886-71FA2625F3C2}.Debug|Any CPU.Build.0 = Debug|Any CPU
		{911BD83D-DBE6-4331-8886-71FA2625F3C2}.Debug|x64.ActiveCfg = Debug|x64
		{911BD83D-DBE6-4331-8886-71FA2625F3C2}.Debug|x64.Build.0 = Debug|x64
		{911BD83D-DBE6-4331-8886-71FA2625F3C2}.Release|Any CPU.ActiveCfg = Release|Any CPU
		{911BD83D-DBE6-4331-8886-71FA2625F3C2}.Release|Any CPU.Build.0 = Release|Any CPU
		{911BD83D-DBE6-4331-8886-71FA2625F3C2}.Release|x64.ActiveCfg = Release|x64
		{911BD83D-DBE6-4331-8886-71FA2625F3C2}.Release|x64.Build.0 = Release|x64
		{3D988FBB-D78A-4EF0-BBD8-20F86AACB357}.Debug|Any CPU.ActiveCfg = Debug|Any CPU
		{3D988FBB-D78A-4EF0-BBD8-20F86AACB357}.Debug|Any CPU.Build.0 = Debug|Any CPU
		{3D988FBB-D78A-4EF0-BBD8-20F86AACB357}.Debug|x64.ActiveCfg = Debug|x64
		{3D988FBB-D78A-4EF0-BBD8-20F86AACB357}.Debug|x64.Build.0 = Debug|x64
		{3D988FBB-D78A-4EF0-BBD8-20F86AACB357}.Release|Any CPU.ActiveCfg = Release|Any CPU
		{3D988FBB-D78A-4EF0-BBD8-20F86AACB357}.Release|Any CPU.Build.0 = Release|Any CPU
		{3D988FBB-D78A-4EF0-BBD8-20F86AACB357}.Release|x64.ActiveCfg = Release|x64
		{3D988FBB-D78A-4EF0-BBD8-20F86AACB357}.Release|x64.Build.0 = Release|x64
		{DBB13F71-14B3-4AE7-87C7-C65E26D86DA9}.Debug|Any CPU.ActiveCfg = Debug|Any CPU
		{DBB13F71-14B3-4AE7-87C7-C65E26D86DA9}.Debug|Any CPU.Build.0 = Debug|Any CPU
		{DBB13F71-14B3-4AE7-87C7-C65E26D86DA9}.Debug|x64.ActiveCfg = Debug|x64
		{DBB13F71-14B3-4AE7-87C7-C65E26D86DA9}.Debug|x64.Build.0 = Debug|x64
		{DBB13F71-14B3-4AE7-87C7-C65E26D86DA9}.Release|Any CPU.ActiveCfg = Release|Any CPU
		{DBB13F71-14B3-4AE7-87C7-C65E26D86DA9}.Release|Any CPU.Build.0 = Release|Any CPU
		{DBB13F71-14B3-4AE7-87C7-C65E26D86DA9}.Release|x64.ActiveCfg = Release|x64
		{DBB13F71-14B3-4AE7-87C7-C65E26D86DA9}.Release|x64.Build.0 = Release|x64
		{70267356-ECC8-4A04-85DE-D592701357A8}.Debug|Any CPU.ActiveCfg = Debug|Any CPU
		{70267356-ECC8-4A04-85DE-D592701357A8}.Debug|Any CPU.Build.0 = Debug|Any CPU
		{70267356-ECC8-4A04-85DE-D592701357A8}.Debug|x64.ActiveCfg = Debug|x64
		{70267356-ECC8-4A04-85DE-D592701357A8}.Debug|x64.Build.0 = Debug|x64
		{70267356-ECC8-4A04-85DE-D592701357A8}.Release|Any CPU.ActiveCfg = Release|Any CPU
		{70267356-ECC8-4A04-85DE-D592701357A8}.Release|Any CPU.Build.0 = Release|Any CPU
		{70267356-ECC8-4A04-85DE-D592701357A8}.Release|x64.ActiveCfg = Release|x64
		{70267356-ECC8-4A04-85DE-D592701357A8}.Release|x64.Build.0 = Release|x64
		{CC00BE0A-7A49-486C-8B8C-918E147C649A}.Debug|Any CPU.ActiveCfg = Debug|Any CPU
		{CC00BE0A-7A49-486C-8B8C-918E147C649A}.Debug|Any CPU.Build.0 = Debug|Any CPU
		{CC00BE0A-7A49-486C-8B8C-918E147C649A}.Debug|x64.ActiveCfg = Debug|x64
		{CC00BE0A-7A49-486C-8B8C-918E147C649A}.Debug|x64.Build.0 = Debug|x64
		{CC00BE0A-7A49-486C-8B8C-918E147C649A}.Release|Any CPU.ActiveCfg = Release|Any CPU
		{CC00BE0A-7A49-486C-8B8C-918E147C649A}.Release|Any CPU.Build.0 = Release|Any CPU
		{CC00BE0A-7A49-486C-8B8C-918E147C649A}.Release|x64.ActiveCfg = Release|x64
		{CC00BE0A-7A49-486C-8B8C-918E147C649A}.Release|x64.Build.0 = Release|x64
		{7C691F6F-67AE-4C45-8064-CEFDFE3CC62F}.Debug|Any CPU.ActiveCfg = Debug|Any CPU
		{7C691F6F-67AE-4C45-8064-CEFDFE3CC62F}.Debug|Any CPU.Build.0 = Debug|Any CPU
		{7C691F6F-67AE-4C45-8064-CEFDFE3CC62F}.Debug|x64.ActiveCfg = Debug|x64
		{7C691F6F-67AE-4C45-8064-CEFDFE3CC62F}.Debug|x64.Build.0 = Debug|x64
		{7C691F6F-67AE-4C45-8064-CEFDFE3CC62F}.Release|Any CPU.ActiveCfg = Release|Any CPU
		{7C691F6F-67AE-4C45-8064-CEFDFE3CC62F}.Release|Any CPU.Build.0 = Release|Any CPU
		{7C691F6F-67AE-4C45-8064-CEFDFE3CC62F}.Release|x64.ActiveCfg = Release|x64
		{7C691F6F-67AE-4C45-8064-CEFDFE3CC62F}.Release|x64.Build.0 = Release|x64
		{49F358BF-0189-4683-B72F-6E86496D60A8}.Debug|Any CPU.ActiveCfg = Debug|Any CPU
		{49F358BF-0189-4683-B72F-6E86496D60A8}.Debug|Any CPU.Build.0 = Debug|Any CPU
		{49F358BF-0189-4683-B72F-6E86496D60A8}.Debug|x64.ActiveCfg = Debug|x64
		{49F358BF-0189-4683-B72F-6E86496D60A8}.Debug|x64.Build.0 = Debug|x64
		{49F358BF-0189-4683-B72F-6E86496D60A8}.Release|Any CPU.ActiveCfg = Release|Any CPU
		{49F358BF-0189-4683-B72F-6E86496D60A8}.Release|Any CPU.Build.0 = Release|Any CPU
		{49F358BF-0189-4683-B72F-6E86496D60A8}.Release|x64.ActiveCfg = Release|x64
		{49F358BF-0189-4683-B72F-6E86496D60A8}.Release|x64.Build.0 = Release|x64
		{2F2659A0-8A14-41DA-BAB1-0FBA0F8966CE}.Debug|Any CPU.ActiveCfg = Debug|Any CPU
		{2F2659A0-8A14-41DA-BAB1-0FBA0F8966CE}.Debug|Any CPU.Build.0 = Debug|Any CPU
		{2F2659A0-8A14-41DA-BAB1-0FBA0F8966CE}.Debug|x64.ActiveCfg = Debug|x64
		{2F2659A0-8A14-41DA-BAB1-0FBA0F8966CE}.Debug|x64.Build.0 = Debug|x64
		{2F2659A0-8A14-41DA-BAB1-0FBA0F8966CE}.Release|Any CPU.ActiveCfg = Release|Any CPU
		{2F2659A0-8A14-41DA-BAB1-0FBA0F8966CE}.Release|Any CPU.Build.0 = Release|Any CPU
		{2F2659A0-8A14-41DA-BAB1-0FBA0F8966CE}.Release|x64.ActiveCfg = Release|x64
		{2F2659A0-8A14-41DA-BAB1-0FBA0F8966CE}.Release|x64.Build.0 = Release|x64
		{4F5F2326-0BA7-48FE-93F4-0047045D309C}.Debug|Any CPU.ActiveCfg = Debug|Any CPU
		{4F5F2326-0BA7-48FE-93F4-0047045D309C}.Debug|Any CPU.Build.0 = Debug|Any CPU
		{4F5F2326-0BA7-48FE-93F4-0047045D309C}.Debug|x64.ActiveCfg = Debug|Any CPU
		{4F5F2326-0BA7-48FE-93F4-0047045D309C}.Debug|x64.Build.0 = Debug|Any CPU
		{4F5F2326-0BA7-48FE-93F4-0047045D309C}.Release|Any CPU.ActiveCfg = Release|Any CPU
		{4F5F2326-0BA7-48FE-93F4-0047045D309C}.Release|Any CPU.Build.0 = Release|Any CPU
		{4F5F2326-0BA7-48FE-93F4-0047045D309C}.Release|x64.ActiveCfg = Release|Any CPU
		{4F5F2326-0BA7-48FE-93F4-0047045D309C}.Release|x64.Build.0 = Release|Any CPU
	EndGlobalSection
	GlobalSection(SolutionProperties) = preSolution
		HideSolutionNode = FALSE
	EndGlobalSection
	GlobalSection(ExtensibilityGlobals) = postSolution
		SolutionGuid = {47EE6D0F-21DD-43D7-AABC-0F1CB2B7BA66}
	EndGlobalSection
EndGlobal
